Microsoft Visual Studio Solution File, Format Version 12.00
# Visual Studio Version 17
VisualStudioVersion = 17.5.2.0
MinimumVisualStudioVersion = 10.0.40219.1
Project("{FAE04EC0-301F-11D3-BF4B-00C04F79EFBC}") = "OnvifManager", "OnvifManager\OnvifManager.csproj", "{3317E9FF-8C75-2210-82C1-C524D3FC0D60}"
EndProject
Global
	GlobalSection(SolutionConfigurationPlatforms) = preSolution
		Debug|Any CPU = Debug|Any CPU
		Release|Any CPU = Release|Any CPU
	EndGlobalSection
	GlobalSection(ProjectConfigurationPlatforms) = postSolution
		{3317E9FF-8C75-2210-82C1-C524D3FC0D60}.Debug|Any CPU.ActiveCfg = Debug|Any CPU
		{3317E9FF-8C75-2210-82C1-C524D3FC0D60}.Debug|Any CPU.Build.0 = Debug|Any CPU
		{3317E9FF-8C75-2210-82C1-C524D3FC0D60}.Release|Any CPU.ActiveCfg = Release|Any CPU
		{3317E9FF-8C75-2210-82C1-C524D3FC0D60}.Release|Any CPU.Build.0 = Release|Any CPU
	EndGlobalSection
	GlobalSection(SolutionProperties) = preSolution
		HideSolutionNode = FALSE
	EndGlobalSection
	GlobalSection(ExtensibilityGlobals) = postSolution
		SolutionGuid = {52B48ADA-1619-4097-B1F1-D8A5C7575D24}
	EndGlobalSection
EndGlobal
